lockfileVersion: 5.3

specifiers:
  '@slidev/parser': ^0.27.20
  '@vitejs/plugin-vue': ^2.0.0
  front-matter: ^4.0.2
  markdown-it: ^12.3.0
  marked: ^4.0.8
  vite: ^2.7.2
  vue: ^3.2.25
  vue3-markdown-it: ^1.0.9

dependencies:
  '@slidev/parser': 0.27.20
  front-matter: 4.0.2
  markdown-it: 12.3.0
  marked: 4.0.8
  vue: 3.2.26
  vue3-markdown-it: 1.0.9

devDependencies:
  '@vitejs/plugin-vue': 2.0.1_vite@2.7.10+vue@3.2.26
  vite: 2.7.10

packages:

  /@babel/parser/7.16.7:
    resolution: {integrity: sha512-sR4eaSrnM7BV7QPzGfEX5paG/6wrZM3I0HDzfIAK06ESvo9oy3xBuVBxE3MbQaKNhvg8g/ixjMWo2CGpzpHsDA==}
    engines: {node: '>=6.0.0'}
    hasBin: true
    dev: false

  /@slidev/parser/0.27.20:
    resolution: {integrity: sha512-jx16GOw1gZod/gBQuLgrXyoJf0Dnmet3uiowmIN9AoP/mdAc7PJXfrrYEjBST2rhiQ7GCkjN+LI5EgasSd/goQ==}
    engines: {node: '>=14.0.0'}
    dependencies:
      '@slidev/types': 0.27.20
      js-yaml: 4.1.0
    dev: false

  /@slidev/types/0.27.20:
    resolution: {integrity: sha512-w9Dh123hBaAde7cWbhrxbhp/h7Kt0uBYK6YhxAD5Zzj4JlKA8oyv3dvSw89+MD1UO1OJxPM040UZD//d5YqxZA==}
    engines: {node: '>=14.0.0'}
    dev: false

  /@vitejs/plugin-vue/2.0.1_vite@2.7.10+vue@3.2.26:
    resolution: {integrity: sha512-wtdMnGVvys9K8tg+DxowU1ytTrdVveXr3LzdhaKakysgGXyrsfaeds2cDywtvujEASjWOwWL/OgWM+qoeM8Plg==}
    engines: {node: '>=12.0.0'}
    peerDependencies:
      vite: ^2.5.10
      vue: ^3.2.25
    dependencies:
      vite: 2.7.10
      vue: 3.2.26
    dev: true

  /@vue/compiler-core/3.2.26:
    resolution: {integrity: sha512-N5XNBobZbaASdzY9Lga2D9Lul5vdCIOXvUMd6ThcN8zgqQhPKfCV+wfAJNNJKQkSHudnYRO2gEB+lp0iN3g2Tw==}
    dependencies:
      '@babel/parser': 7.16.7
      '@vue/shared': 3.2.26
      estree-walker: 2.0.2
      source-map: 0.6.1
    dev: false

  /@vue/compiler-dom/3.2.26:
    resolution: {integrity: sha512-smBfaOW6mQDxcT3p9TKT6mE22vjxjJL50GFVJiI0chXYGU/xzC05QRGrW3HHVuJrmLTLx5zBhsZ2dIATERbarg==}
    dependencies:
      '@vue/compiler-core': 3.2.26
      '@vue/shared': 3.2.26
    dev: false

  /@vue/compiler-sfc/3.2.26:
    resolution: {integrity: sha512-ePpnfktV90UcLdsDQUh2JdiTuhV0Skv2iYXxfNMOK/F3Q+2BO0AulcVcfoksOpTJGmhhfosWfMyEaEf0UaWpIw==}
    dependencies:
      '@babel/parser': 7.16.7
      '@vue/compiler-core': 3.2.26
      '@vue/compiler-dom': 3.2.26
      '@vue/compiler-ssr': 3.2.26
      '@vue/reactivity-transform': 3.2.26
      '@vue/shared': 3.2.26
      estree-walker: 2.0.2
      magic-string: 0.25.7
      postcss: 8.4.5
      source-map: 0.6.1
    dev: false

  /@vue/compiler-ssr/3.2.26:
    resolution: {integrity: sha512-2mywLX0ODc4Zn8qBoA2PDCsLEZfpUGZcyoFRLSOjyGGK6wDy2/5kyDOWtf0S0UvtoyVq95OTSGIALjZ4k2q/ag==}
    dependencies:
      '@vue/compiler-dom': 3.2.26
      '@vue/shared': 3.2.26
    dev: false

  /@vue/reactivity-transform/3.2.26:
    resolution: {integrity: sha512-XKMyuCmzNA7nvFlYhdKwD78rcnmPb7q46uoR00zkX6yZrUmcCQ5OikiwUEVbvNhL5hBJuvbSO95jB5zkUon+eQ==}
    dependencies:
      '@babel/parser': 7.16.7
      '@vue/compiler-core': 3.2.26
      '@vue/shared': 3.2.26
      estree-walker: 2.0.2
      magic-string: 0.25.7
    dev: false

  /@vue/reactivity/3.2.26:
    resolution: {integrity: sha512-h38bxCZLW6oFJVDlCcAiUKFnXI8xP8d+eO0pcDxx+7dQfSPje2AO6M9S9QO6MrxQB7fGP0DH0dYQ8ksf6hrXKQ==}
    dependencies:
      '@vue/shared': 3.2.26
    dev: false

  /@vue/runtime-core/3.2.26:
    resolution: {integrity: sha512-BcYi7qZ9Nn+CJDJrHQ6Zsmxei2hDW0L6AB4vPvUQGBm2fZyC0GXd/4nVbyA2ubmuhctD5RbYY8L+5GUJszv9mQ==}
    dependencies:
      '@vue/reactivity': 3.2.26
      '@vue/shared': 3.2.26
    dev: false

  /@vue/runtime-dom/3.2.26:
    resolution: {integrity: sha512-dY56UIiZI+gjc4e8JQBwAifljyexfVCkIAu/WX8snh8vSOt/gMSEGwPRcl2UpYpBYeyExV8WCbgvwWRNt9cHhQ==}
    dependencies:
      '@vue/runtime-core': 3.2.26
      '@vue/shared': 3.2.26
      csstype: 2.6.19
    dev: false

  /@vue/server-renderer/3.2.26_vue@3.2.26:
    resolution: {integrity: sha512-Jp5SggDUvvUYSBIvYEhy76t4nr1vapY/FIFloWmQzn7UxqaHrrBpbxrqPcTrSgGrcaglj0VBp22BKJNre4aA1w==}
    peerDependencies:
      vue: 3.2.26
    dependencies:
      '@vue/compiler-ssr': 3.2.26
      '@vue/shared': 3.2.26
      vue: 3.2.26
    dev: false

  /@vue/shared/3.2.26:
    resolution: {integrity: sha512-vPV6Cq+NIWbH5pZu+V+2QHE9y1qfuTq49uNWw4f7FDEeZaDU2H2cx5jcUZOAKW7qTrUS4k6qZPbMy1x4N96nbA==}
    dev: false

  /argparse/1.0.10:
    resolution: {integrity: sha512-o5Roy6tNG4SL/FOkCAN6RzjiakZS25RLYFrcMttJqbdd8BWrnA+fGz57iN5Pb06pvBGvl5gQ0B48dJlslXvoTg==}
    dependencies:
      sprintf-js: 1.0.3
    dev: false

  /argparse/2.0.1:
    resolution: {integrity: sha512-8+9WqebbFzpX9OR+Wa6O29asIogeRMzcGtAINdpMHHyAg10f05aSFVBbcEqGf/PXw1EjAZ+q2/bEBg3DvurK3Q==}
    dev: false

  /csstype/2.6.19:
    resolution: {integrity: sha512-ZVxXaNy28/k3kJg0Fou5MiYpp88j7H9hLZp8PDC3jV0WFjfH5E9xHb56L0W59cPbKbcHXeP4qyT8PrHp8t6LcQ==}
    dev: false

  /entities/2.1.0:
    resolution: {integrity: sha512-hCx1oky9PFrJ611mf0ifBLBRW8lUUVRlFolb5gWRfIELabBlbp9xZvrqZLZAs+NxFnbfQoeGd8wDkygjg7U85w==}
    dev: false

  /esbuild-android-arm64/0.13.15:
    resolution: {integrity: sha512-m602nft/XXeO8YQPUDVoHfjyRVPdPgjyyXOxZ44MK/agewFFkPa8tUo6lAzSWh5Ui5PB4KR9UIFTSBKh/RrCmg==}
    cpu: [arm64]
    os: [android]
    requiresBuild: true
    dev: true
    optional: true

  /esbuild-darwin-64/0.13.15:
    resolution: {integrity: sha512-ihOQRGs2yyp7t5bArCwnvn2Atr6X4axqPpEdCFPVp7iUj4cVSdisgvEKdNR7yH3JDjW6aQDw40iQFoTqejqxvQ==}
    cpu: [x64]
    os: [darwin]
    requiresBuild: true
    dev: true
    optional: true

  /esbuild-darwin-arm64/0.13.15:
    resolution: {integrity: sha512-i1FZssTVxUqNlJ6cBTj5YQj4imWy3m49RZRnHhLpefFIh0To05ow9DTrXROTE1urGTQCloFUXTX8QfGJy1P8dQ==}
    cpu: [arm64]
    os: [darwin]
    requiresBuild: true
    dev: true
    optional: true

  /esbuild-freebsd-64/0.13.15:
    resolution: {integrity: sha512-G3dLBXUI6lC6Z09/x+WtXBXbOYQZ0E8TDBqvn7aMaOCzryJs8LyVXKY4CPnHFXZAbSwkCbqiPuSQ1+HhrNk7EA==}
    cpu: [x64]
    os: [freebsd]
    requiresBuild: true
    dev: true
    optional: true

  /esbuild-freebsd-arm64/0.13.15:
    resolution: {integrity: sha512-KJx0fzEDf1uhNOZQStV4ujg30WlnwqUASaGSFPhznLM/bbheu9HhqZ6mJJZM32lkyfGJikw0jg7v3S0oAvtvQQ==}
    cpu: [arm64]
    os: [freebsd]
    requiresBuild: true
    dev: true
    optional: true

  /esbuild-linux-32/0.13.15:
    resolution: {integrity: sha512-ZvTBPk0YWCLMCXiFmD5EUtB30zIPvC5Itxz0mdTu/xZBbbHJftQgLWY49wEPSn2T/TxahYCRDWun5smRa0Tu+g==}
    cpu: [ia32]
    os: [linux]
    requiresBuild: true
    dev: true
    optional: true

  /esbuild-linux-64/0.13.15:
    resolution: {integrity: sha512-eCKzkNSLywNeQTRBxJRQ0jxRCl2YWdMB3+PkWFo2BBQYC5mISLIVIjThNtn6HUNqua1pnvgP5xX0nHbZbPj5oA==}
    cpu: [x64]
    os: [linux]
    requiresBuild: true
    dev: true
    optional: true

  /esbuild-linux-arm/0.13.15:
    resolution: {integrity: sha512-wUHttDi/ol0tD8ZgUMDH8Ef7IbDX+/UsWJOXaAyTdkT7Yy9ZBqPg8bgB/Dn3CZ9SBpNieozrPRHm0BGww7W/jA==}
    cpu: [arm]
    os: [linux]
    requiresBuild: true
    dev: true
    optional: true

  /esbuild-linux-arm64/0.13.15:
    resolution: {integrity: sha512-bYpuUlN6qYU9slzr/ltyLTR9YTBS7qUDymO8SV7kjeNext61OdmqFAzuVZom+OLW1HPHseBfJ/JfdSlx8oTUoA==}
    cpu: [arm64]
    os: [linux]
    requiresBuild: true
    dev: true
    optional: true

  /esbuild-linux-mips64le/0.13.15:
    resolution: {integrity: sha512-KlVjIG828uFPyJkO/8gKwy9RbXhCEUeFsCGOJBepUlpa7G8/SeZgncUEz/tOOUJTcWMTmFMtdd3GElGyAtbSWg==}
    cpu: [mips64el]
    os: [linux]
    requiresBuild: true
    dev: true
    optional: true

  /esbuild-linux-ppc64le/0.13.15:
    resolution: {integrity: sha512-h6gYF+OsaqEuBjeesTBtUPw0bmiDu7eAeuc2OEH9S6mV9/jPhPdhOWzdeshb0BskRZxPhxPOjqZ+/OqLcxQwEQ==}
    cpu: [ppc64]
    os: [linux]
    requiresBuild: true
    dev: true
    optional: true

  /esbuild-netbsd-64/0.13.15:
    resolution: {integrity: sha512-3+yE9emwoevLMyvu+iR3rsa+Xwhie7ZEHMGDQ6dkqP/ndFzRHkobHUKTe+NCApSqG5ce2z4rFu+NX/UHnxlh3w==}
    cpu: [x64]
    os: [netbsd]
    requiresBuild: true
    dev: true
    optional: true

  /esbuild-openbsd-64/0.13.15:
    resolution: {integrity: sha512-wTfvtwYJYAFL1fSs8yHIdf5GEE4NkbtbXtjLWjM3Cw8mmQKqsg8kTiqJ9NJQe5NX/5Qlo7Xd9r1yKMMkHllp5g==}
    cpu: [x64]
    os: [openbsd]
    requiresBuild: true
    dev: true
    optional: true

  /esbuild-sunos-64/0.13.15:
    resolution: {integrity: sha512-lbivT9Bx3t1iWWrSnGyBP9ODriEvWDRiweAs69vI+miJoeKwHWOComSRukttbuzjZ8r1q0mQJ8Z7yUsDJ3hKdw==}
    cpu: [x64]
    os: [sunos]
    requiresBuild: true
    dev: true
    optional: true

  /esbuild-windows-32/0.13.15:
    resolution: {integrity: sha512-fDMEf2g3SsJ599MBr50cY5ve5lP1wyVwTe6aLJsM01KtxyKkB4UT+fc5MXQFn3RLrAIAZOG+tHC+yXObpSn7Nw==}
    cpu: [ia32]
    os: [win32]
    requiresBuild: true
    dev: true
    optional: true

  /esbuild-windows-64/0.13.15:
    resolution: {integrity: sha512-9aMsPRGDWCd3bGjUIKG/ZOJPKsiztlxl/Q3C1XDswO6eNX/Jtwu4M+jb6YDH9hRSUflQWX0XKAfWzgy5Wk54JQ==}
    cpu: [x64]
    os: [win32]
    requiresBuild: true
    dev: true
    optional: true

  /esbuild-windows-arm64/0.13.15:
    resolution: {integrity: sha512-zzvyCVVpbwQQATaf3IG8mu1IwGEiDxKkYUdA4FpoCHi1KtPa13jeScYDjlW0Qh+ebWzpKfR2ZwvqAQkSWNcKjA==}
    cpu: [arm64]
    os: [win32]
    requiresBuild: true
    dev: true
    optional: true

  /esbuild/0.13.15:
    resolution: {integrity: sha512-raCxt02HBKv8RJxE8vkTSCXGIyKHdEdGfUmiYb8wnabnaEmHzyW7DCHb5tEN0xU8ryqg5xw54mcwnYkC4x3AIw==}
    hasBin: true
    requiresBuild: true
    optionalDependencies:
      esbuild-android-arm64: 0.13.15
      esbuild-darwin-64: 0.13.15
      esbuild-darwin-arm64: 0.13.15
      esbuild-freebsd-64: 0.13.15
      esbuild-freebsd-arm64: 0.13.15
      esbuild-linux-32: 0.13.15
      esbuild-linux-64: 0.13.15
      esbuild-linux-arm: 0.13.15
      esbuild-linux-arm64: 0.13.15
      esbuild-linux-mips64le: 0.13.15
      esbuild-linux-ppc64le: 0.13.15
      esbuild-netbsd-64: 0.13.15
      esbuild-openbsd-64: 0.13.15
      esbuild-sunos-64: 0.13.15
      esbuild-windows-32: 0.13.15
      esbuild-windows-64: 0.13.15
      esbuild-windows-arm64: 0.13.15
    dev: true

  /esprima/4.0.1:
    resolution: {integrity: sha512-eGuFFw7Upda+g4p+QHvnW0RyTX/SVeJBDM/gCtMARO0cLuT2HcEKnTPvhjV6aGeqrCB/sbNop0Kszm0jsaWU4A==}
    engines: {node: '>=4'}
    hasBin: true
    dev: false

  /estree-walker/2.0.2:
    resolution: {integrity: sha512-Rfkk/Mp/DL7JVje3u18FxFujQlTNR2q6QfMSMB7AvCBx91NGj/ba3kCfza0f6dVDbw7YlRf/nDrn7pQrCCyQ/w==}
    dev: false

  /front-matter/4.0.2:
    resolution: {integrity: sha512-I8ZuJ/qG92NWX8i5x1Y8qyj3vizhXS31OxjKDu3LKP+7/qBgfIKValiZIEwoVoJKUHlhWtYrktkxV1XsX+pPlg==}
    dependencies:
      js-yaml: 3.14.1
    dev: false

  /fsevents/2.3.2:
    resolution: {integrity: sha512-xiqMQR4xAeHTuB9uWm+fFRcIOgKBMiOBP+eXiyT7jsgVCq1bkVygt00oASowB7EdtpOHaaPgKt812P9ab+DDKA==}
    engines: {node: ^8.16.0 || ^10.6.0 || >=11.0.0}
    os: [darwin]
    requiresBuild: true
    dev: true
    optional: true

  /function-bind/1.1.1:
    resolution: {integrity: sha512-yIovAzMX49sF8Yl58fSCWJ5svSLuaibPxXQJFLmBObTuCr0Mf1KiPopGM9NiFjiYBCbfaa2Fh6breQ6ANVTI0A==}
    dev: true

  /has/1.0.3:
    resolution: {integrity: sha512-f2dvO0VU6Oej7RkWJGrehjbzMAjFp5/VKPp5tTpWIV4JHHZK1/BxbFRtf/siA2SWTe09caDmVtYYzWEIbBS4zw==}
    engines: {node: '>= 0.4.0'}
    dependencies:
      function-bind: 1.1.1
    dev: true

  /highlight.js/11.3.1:
    resolution: {integrity: sha512-PUhCRnPjLtiLHZAQ5A/Dt5F8cWZeMyj9KRsACsWT+OD6OP0x6dp5OmT5jdx0JgEyPxPZZIPQpRN2TciUT7occw==}
    engines: {node: '>=12.0.0'}
    dev: false

  /is-core-module/2.8.0:
    resolution: {integrity: sha512-vd15qHsaqrRL7dtH6QNuy0ndJmRDrS9HAM1CAiSifNUFv4x1a0CCVsj18hJ1mShxIG6T2i1sO78MkP56r0nYRw==}
    dependencies:
      has: 1.0.3
    dev: true

  /js-yaml/3.14.1:
    resolution: {integrity: sha512-okMH7OXXJ7YrN9Ok3/SXrnu4iX9yOk+25nqX4imS2npuvTYDmo/QEZoqwZkYaIDk3jVvBOTOIEgEhaLOynBS9g==}
    hasBin: true
    dependencies:
      argparse: 1.0.10
      esprima: 4.0.1
    dev: false

  /js-yaml/4.1.0:
    resolution: {integrity: sha512-wpxZs9NoxZaJESJGIZTyDEaYpl0FKSA+FB9aJiyemKhMwkxQg63h4T1KJgUGHpTqPDNRcmmYLugrRjJlBtWvRA==}
    hasBin: true
    dependencies:
      argparse: 2.0.1
    dev: false

  /linkify-it/3.0.3:
    resolution: {integrity: sha512-ynTsyrFSdE5oZ/O9GEf00kPngmOfVwazR5GKDq6EYfhlpFug3J2zybX56a2PRRpc9P+FuSoGNAwjlbDs9jJBPQ==}
    dependencies:
      uc.micro: 1.0.6
    dev: false

  /lodash.flow/3.5.0:
    resolution: {integrity: sha1-h79AKSuM+D5OjOGjrkIJ4gBxZ1o=}
    dev: false

  /magic-string/0.25.7:
    resolution: {integrity: sha512-4CrMT5DOHTDk4HYDlzmwu4FVCcIYI8gauveasrdCu2IKIFOJ3f0v/8MDGJCDL9oD2ppz/Av1b0Nj345H9M+XIA==}
    dependencies:
      sourcemap-codec: 1.4.8
    dev: false

  /markdown-it-abbr/1.0.4:
    resolution: {integrity: sha1-1mtTZFIcuz3Yqlna37ovtoZcj9g=}
    dev: false

  /markdown-it-anchor/7.1.0_markdown-it@12.3.0:
    resolution: {integrity: sha512-loQggrwsIkkP7TOrESvmYkV2ikbQNNKhHcWyqC7/C2CmfHl1tkUizJJU8C5aGgg7J6oXVQJx17gk7i47tNn/lQ==}
    peerDependencies:
      markdown-it: '*'
    dependencies:
      markdown-it: 12.3.0
    dev: false

  /markdown-it-deflist/2.1.0:
    resolution: {integrity: sha512-3OuqoRUlSxJiuQYu0cWTLHNhhq2xtoSFqsZK8plANg91+RJQU1ziQ6lA2LzmFAEes18uPBsHZpcX6We5l76Nzg==}
    dev: false

  /markdown-it-emoji/2.0.0:
    resolution: {integrity: sha512-39j7/9vP/CPCKbEI44oV8yoPJTpvfeReTn/COgRhSpNrjWF3PfP/JUxxB0hxV6ynOY8KH8Y8aX9NMDdo6z+6YQ==}
    dev: false

  /markdown-it-footnote/3.0.3:
    resolution: {integrity: sha512-YZMSuCGVZAjzKMn+xqIco9d1cLGxbELHZ9do/TSYVzraooV8ypsppKNmUJ0fVH5ljkCInQAtFpm8Rb3eXSrt5w==}
    dev: false

  /markdown-it-highlightjs/3.6.0:
    resolution: {integrity: sha512-ex+Lq3cVkprh0GpGwFyc53A/rqY6GGzopPCG1xMsf8Ya3XtGC8Uw9tChN1rWbpyDae7tBBhVHVcMM29h4Btamw==}
    dependencies:
      highlight.js: 11.3.1
      lodash.flow: 3.5.0
    dev: false

  /markdown-it-ins/3.0.1:
    resolution: {integrity: sha512-32SSfZqSzqyAmmQ4SHvhxbFqSzPDqsZgMHDwxqPzp+v+t8RsmqsBZRG+RfRQskJko9PfKC2/oxyOs4Yg/CfiRw==}
    dev: false

  /markdown-it-mark/3.0.1:
    resolution: {integrity: sha512-HyxjAu6BRsdt6Xcv6TKVQnkz/E70TdGXEFHRYBGLncRE9lBFwDNLVtFojKxjJWgJ+5XxUwLaHXy+2sGBbDn+4A==}
    dev: false

  /markdown-it-sub/1.0.0:
    resolution: {integrity: sha1-N1/WAm6ufdywEkl/ZBEZXqHjr+g=}
    dev: false

  /markdown-it-sup/1.0.0:
    resolution: {integrity: sha1-y5yf+RpSVawI8/09YyhuFd8KH8M=}
    dev: false

  /markdown-it-task-lists/2.1.1:
    resolution: {integrity: sha512-TxFAc76Jnhb2OUu+n3yz9RMu4CwGfaT788br6HhEDlvWfdeJcLUsxk1Hgw2yJio0OXsxv7pyIPmvECY7bMbluA==}
    dev: false

  /markdown-it-toc-done-right/4.2.0:
    resolution: {integrity: sha512-UB/IbzjWazwTlNAX0pvWNlJS8NKsOQ4syrXZQ/C72j+jirrsjVRT627lCaylrKJFBQWfRsPmIVQie8x38DEhAQ==}
    dev: false

  /markdown-it/12.3.0:
    resolution: {integrity: sha512-T345UZZ6ejQWTjG6PSEHplzNy5m4kF6zvUpHVDv8Snl/pEU0OxIK0jGg8YLVNwJvT8E0YJC7/2UvssJDk/wQCQ==}
    hasBin: true
    dependencies:
      argparse: 2.0.1
      entities: 2.1.0
      linkify-it: 3.0.3
      mdurl: 1.0.1
      uc.micro: 1.0.6
    dev: false

  /marked/4.0.8:
    resolution: {integrity: sha512-dkpJMIlJpc833hbjjg8jraw1t51e/eKDoG8TFOgc5O0Z77zaYKigYekTDop5AplRoKFGIaoazhYEhGkMtU3IeA==}
    engines: {node: '>= 12'}
    hasBin: true
    dev: false

  /mdurl/1.0.1:
    resolution: {integrity: sha1-/oWy7HWlkDfyrf7BAP1sYBdhFS4=}
    dev: false

  /nanoid/3.1.30:
    resolution: {integrity: sha512-zJpuPDwOv8D2zq2WRoMe1HsfZthVewpel9CAvTfc/2mBD1uUT/agc5f7GHGWXlYkFvi1mVxe4IjvP2HNrop7nQ==}
    engines: {node: ^10 || ^12 || ^13.7 || ^14 || >=15.0.1}
    hasBin: true

  /path-parse/1.0.7:
    resolution: {integrity: sha512-LDJzPVEEEPR+y48z93A0Ed0yXb8pAByGWo/k5YYdYgpY2/2EsOsksJrq7lOHxryrVOn1ejG6oAp8ahvOIQD8sw==}
    dev: true

  /picocolors/1.0.0:
    resolution: {integrity: sha512-1fygroTLlHu66zi26VoTDv8yRgm0Fccecssto+MhsZ0D/DGW2sm8E8AjW7NU5VVTRt5GxbeZ5qBuJr+HyLYkjQ==}

  /postcss/8.4.5:
    resolution: {integrity: sha512-jBDboWM8qpaqwkMwItqTQTiFikhs/67OYVvblFFTM7MrZjt6yMKd6r2kgXizEbTTljacm4NldIlZnhbjr84QYg==}
    engines: {node: ^10 || ^12 || >=14}
    dependencies:
      nanoid: 3.1.30
      picocolors: 1.0.0
      source-map-js: 1.0.1

  /resolve/1.20.0:
    resolution: {integrity: sha512-wENBPt4ySzg4ybFQW2TT1zMQucPK95HSh/nq2CFTZVOGut2+pQvSsgtda4d26YrYcr067wjbmzOG8byDPBX63A==}
    dependencies:
      is-core-module: 2.8.0
      path-parse: 1.0.7
    dev: true

  /rollup/2.62.0:
    resolution: {integrity: sha512-cJEQq2gwB0GWMD3rYImefQTSjrPYaC6s4J9pYqnstVLJ1CHa/aZNVkD4Epuvg4iLeMA4KRiq7UM7awKK6j7jcw==}
    engines: {node: '>=10.0.0'}
    hasBin: true
    optionalDependencies:
      fsevents: 2.3.2
    dev: true

  /source-map-js/1.0.1:
    resolution: {integrity: sha512-4+TN2b3tqOCd/kaGRJ/sTYA0tR0mdXx26ipdolxcwtJVqEnqNYvlCAt1q3ypy4QMlYus+Zh34RNtYLoq2oQ4IA==}
    engines: {node: '>=0.10.0'}

  /source-map/0.6.1:
    resolution: {integrity: sha512-UjgapumWlbMhkBgzT7Ykc5YXUT46F0iKu8SGXq0bcwP5dz/h0Plj6enJqjz1Zbq2l5WaqYnrVbwWOWMyF3F47g==}
    engines: {node: '>=0.10.0'}
    dev: false

  /sourcemap-codec/1.4.8:
    resolution: {integrity: sha512-9NykojV5Uih4lgo5So5dtw+f0JgJX30KCNI8gwhz2J9A15wD0Ml6tjHKwf6fTSa6fAdVBdZeNOs9eJ71qCk8vA==}
    dev: false

  /sprintf-js/1.0.3:
    resolution: {integrity: sha1-BOaSb2YolTVPPdAVIDYzuFcpfiw=}
    dev: false

  /uc.micro/1.0.6:
    resolution: {integrity: sha512-8Y75pvTYkLJW2hWQHXxoqRgV7qb9B+9vFEtidML+7koHUFapnVJAZ6cKs+Qjz5Aw3aZWHMC6u0wJE3At+nSGwA==}
    dev: false

  /vite/2.7.10:
    resolution: {integrity: sha512-KEY96ntXUid1/xJihJbgmLZx7QSC2D4Tui0FdS0Old5OokYzFclcofhtxtjDdGOk/fFpPbHv9yw88+rB93Tb8w==}
    engines: {node: '>=12.2.0'}
    hasBin: true
    peerDependencies:
      less: '*'
      sass: '*'
      stylus: '*'
    peerDependenciesMeta:
      less:
        optional: true
      sass:
        optional: true
      stylus:
        optional: true
    dependencies:
      esbuild: 0.13.15
      postcss: 8.4.5
      resolve: 1.20.0
      rollup: 2.62.0
    optionalDependencies:
      fsevents: 2.3.2
    dev: true

  /vue/3.2.26:
    resolution: {integrity: sha512-KD4lULmskL5cCsEkfhERVRIOEDrfEL9CwAsLYpzptOGjaGFNWo3BQ9g8MAb7RaIO71rmVOziZ/uEN/rHwcUIhg==}
    dependencies:
      '@vue/compiler-dom': 3.2.26
      '@vue/compiler-sfc': 3.2.26
      '@vue/runtime-dom': 3.2.26
      '@vue/server-renderer': 3.2.26_vue@3.2.26
      '@vue/shared': 3.2.26
    dev: false

  /vue3-markdown-it/1.0.9:
    resolution: {integrity: sha512-8swtALTX8NG2ebGAYEcrKavPLUbg8dr+vBH7cOylgzu/nO0RBeVNud84ToffSCVxG5bCX2Vp8mkeQiBetzqxiw==}
    dependencies:
      markdown-it: 12.3.0
      markdown-it-abbr: 1.0.4
      markdown-it-anchor: 7.1.0_markdown-it@12.3.0
      markdown-it-deflist: 2.1.0
      markdown-it-emoji: 2.0.0
      markdown-it-footnote: 3.0.3
      markdown-it-highlightjs: 3.6.0
      markdown-it-ins: 3.0.1
      markdown-it-mark: 3.0.1
      markdown-it-sub: 1.0.0
      markdown-it-sup: 1.0.0
      markdown-it-task-lists: 2.1.1
      markdown-it-toc-done-right: 4.2.0
    dev: false
